
Microsoft Visual Studio Solution File, Format Version 12.00
# Visual Studio Version 17
VisualStudioVersion = 17.9.34607.119
MinimumVisualStudioVersion = 10.0.40219.1
Project("{9A19103F-16F7-4668-BE54-9A1E7A4F7556}") = "EnquiryModule", "EnquiryModule\EnquiryModule.csproj", "{D999E6CE-BC63-4B17-94E9-7F3EE37719F7}"
EndProject
Project("{FAE04EC0-301F-11D3-BF4B-00C04F79EFBC}") = "EnquiryModuleTesting", "EnquiryModuleTesting\EnquiryModuleTesting.csproj", "{019659CD-656D-4174-A83C-7D703CD24260}"
EndProject
Global
	GlobalSection(SolutionConfigurationPlatforms) = preSolution
		Debug|Any CPU = Debug|Any CPU
		Release|Any CPU = Release|Any CPU
	EndGlobalSection
	GlobalSection(ProjectConfigurationPlatforms) = postSolution
		{D999E6CE-BC63-4B17-94E9-7F3EE37719F7}.Debug|Any CPU.ActiveCfg = Debug|Any CPU
		{D999E6CE-BC63-4B17-94E9-7F3EE37719F7}.Debug|Any CPU.Build.0 = Debug|Any CPU
		{D999E6CE-BC63-4B17-94E9-7F3EE37719F7}.Release|Any CPU.ActiveCfg = Release|Any CPU
		{D999E6CE-BC63-4B17-94E9-7F3EE37719F7}.Release|Any CPU.Build.0 = Release|Any CPU
		{019659CD-656D-4174-A83C-7D703CD24260}.Debug|Any CPU.ActiveCfg = Debug|Any CPU
		{019659CD-656D-4174-A83C-7D703CD24260}.Debug|Any CPU.Build.0 = Debug|Any CPU
		{019659CD-656D-4174-A83C-7D703CD24260}.Release|Any CPU.ActiveCfg = Release|Any CPU
		{019659CD-656D-4174-A83C-7D703CD24260}.Release|Any CPU.Build.0 = Release|Any CPU
	EndGlobalSection
	GlobalSection(SolutionProperties) = preSolution
		HideSolutionNode = FALSE
	EndGlobalSection
	GlobalSection(ExtensibilityGlobals) = postSolution
		SolutionGuid = {53FBD69B-0FF3-41E1-9F13-DFF3E24711CB}
	EndGlobalSection
EndGlobal
